
Microsoft Visual Studio Solution File, Format Version 12.00
# Visual Studio 15
VisualStudioVersion = 15.0.28010.2016
MinimumVisualStudioVersion = 10.0.40219.1
Project("{FAE04EC0-301F-11D3-BF4B-00C04F79EFBC}") = "EFPlay", "EFPlay\EFPlay.csproj", "{2ED5DE8B-1025-4811-BBE6-71C9FA9CA544}"
EndProject
Project("{FAE04EC0-301F-11D3-BF4B-00C04F79EFBC}") = "Multiplay", "Multiplay\Multiplay.csproj", "{8E8809E8-2B40-45B7-9F70-72C6AC41688B}"
EndProject
Project("{FAE04EC0-301F-11D3-BF4B-00C04F79EFBC}") = "ADO", "ADO\ADO.csproj", "{7925FEE0-1F57-4B08-9D5F-C396E1DA8CE1}"
EndProject
Project("{FAE04EC0-301F-11D3-BF4B-00C04F79EFBC}") = "NativeAPI", "NativeAPI\NativeAPI.csproj", "{3D7B7053-1F8D-4AA3-89CB-46D2CD3E3BF2}"
EndProject
Project("{FAE04EC0-301F-11D3-BF4B-00C04F79EFBC}") = "XEP", "XEP\XEP.csproj", "{4E9C52FF-8BCC-4CC1-9291-77EB793CAFD4}"
EndProject
Global
	GlobalSection(SolutionConfigurationPlatforms) = preSolution
		Debug|Any CPU = Debug|Any CPU
		Release|Any CPU = Release|Any CPU
	EndGlobalSection
	GlobalSection(ProjectConfigurationPlatforms) = postSolution
		{2ED5DE8B-1025-4811-BBE6-71C9FA9CA544}.Debug|Any CPU.ActiveCfg = Debug|Any CPU
		{2ED5DE8B-1025-4811-BBE6-71C9FA9CA544}.Debug|Any CPU.Build.0 = Debug|Any CPU
		{2ED5DE8B-1025-4811-BBE6-71C9FA9CA544}.Release|Any CPU.ActiveCfg = Release|Any CPU
		{2ED5DE8B-1025-4811-BBE6-71C9FA9CA544}.Release|Any CPU.Build.0 = Release|Any CPU
		{8E8809E8-2B40-45B7-9F70-72C6AC41688B}.Debug|Any CPU.ActiveCfg = Debug|Any CPU
		{8E8809E8-2B40-45B7-9F70-72C6AC41688B}.Debug|Any CPU.Build.0 = Debug|Any CPU
		{8E8809E8-2B40-45B7-9F70-72C6AC41688B}.Release|Any CPU.ActiveCfg = Release|Any CPU
		{8E8809E8-2B40-45B7-9F70-72C6AC41688B}.Release|Any CPU.Build.0 = Release|Any CPU
		{7925FEE0-1F57-4B08-9D5F-C396E1DA8CE1}.Debug|Any CPU.ActiveCfg = Debug|Any CPU
		{7925FEE0-1F57-4B08-9D5F-C396E1DA8CE1}.Debug|Any CPU.Build.0 = Debug|Any CPU
		{7925FEE0-1F57-4B08-9D5F-C396E1DA8CE1}.Release|Any CPU.ActiveCfg = Release|Any CPU
		{7925FEE0-1F57-4B08-9D5F-C396E1DA8CE1}.Release|Any CPU.Build.0 = Release|Any CPU
		{3D7B7053-1F8D-4AA3-89CB-46D2CD3E3BF2}.Debug|Any CPU.ActiveCfg = Debug|Any CPU
		{3D7B7053-1F8D-4AA3-89CB-46D2CD3E3BF2}.Debug|Any CPU.Build.0 = Debug|Any CPU
		{3D7B7053-1F8D-4AA3-89CB-46D2CD3E3BF2}.Release|Any CPU.ActiveCfg = Release|Any CPU
		{3D7B7053-1F8D-4AA3-89CB-46D2CD3E3BF2}.Release|Any CPU.Build.0 = Release|Any CPU
		{4E9C52FF-8BCC-4CC1-9291-77EB793CAFD4}.Debug|Any CPU.ActiveCfg = Debug|Any CPU
		{4E9C52FF-8BCC-4CC1-9291-77EB793CAFD4}.Debug|Any CPU.Build.0 = Debug|Any CPU
		{4E9C52FF-8BCC-4CC1-9291-77EB793CAFD4}.Release|Any CPU.ActiveCfg = Release|Any CPU
		{4E9C52FF-8BCC-4CC1-9291-77EB793CAFD4}.Release|Any CPU.Build.0 = Release|Any CPU
	EndGlobalSection
	GlobalSection(SolutionProperties) = preSolution
		HideSolutionNode = FALSE
	EndGlobalSection
	GlobalSection(ExtensibilityGlobals) = postSolution
		SolutionGuid = {6355E815-B83A-4C8C-91E8-3019ED644CD1}
	EndGlobalSection
EndGlobal
